
Microsoft Visual Studio Solution File, Format Version 12.00
# Visual Studio Version 16
VisualStudioVersion = 16.0.31129.286
MinimumVisualStudioVersion = 10.0.40219.1
Project("{FAE04EC0-301F-11D3-BF4B-00C04F79EFBC}") = "Gestion_brasserie2021_CHIARELLI_THOMAS", "Gestion_brasserie2021_CHIARELLI_THOMAS\Gestion_brasserie2021_CHIARELLI_THOMAS.csproj", "{8C5CBCB9-B973-426F-97A4-7979BF984388}"
EndProject
Project("{FAE04EC0-301F-11D3-BF4B-00C04F79EFBC}") = "Gestion_brasserieTest", "Gestion_brasserieTest\Gestion_brasserieTest.csproj", "{F9064BAC-8D5A-40F2-AB6D-5939BE97911D}"
EndProject
Global
	GlobalSection(SolutionConfigurationPlatforms) = preSolution
		Debug|Any CPU = Debug|Any CPU
		Release|Any CPU = Release|Any CPU
	EndGlobalSection
	GlobalSection(ProjectConfigurationPlatforms) = postSolution
		{8C5CBCB9-B973-426F-97A4-7979BF984388}.Debug|Any CPU.ActiveCfg = Debug|Any CPU
		{8C5CBCB9-B973-426F-97A4-7979BF984388}.Debug|Any CPU.Build.0 = Debug|Any CPU
		{8C5CBCB9-B973-426F-97A4-7979BF984388}.Release|Any CPU.ActiveCfg = Release|Any CPU
		{8C5CBCB9-B973-426F-97A4-7979BF984388}.Release|Any CPU.Build.0 = Release|Any CPU
		{F9064BAC-8D5A-40F2-AB6D-5939BE97911D}.Debug|Any CPU.ActiveCfg = Debug|Any CPU
		{F9064BAC-8D5A-40F2-AB6D-5939BE97911D}.Debug|Any CPU.Build.0 = Debug|Any CPU
		{F9064BAC-8D5A-40F2-AB6D-5939BE97911D}.Release|Any CPU.ActiveCfg = Release|Any CPU
		{F9064BAC-8D5A-40F2-AB6D-5939BE97911D}.Release|Any CPU.Build.0 = Release|Any CPU
	EndGlobalSection
	GlobalSection(SolutionProperties) = preSolution
		HideSolutionNode = FALSE
	EndGlobalSection
	GlobalSection(ExtensibilityGlobals) = postSolution
		SolutionGuid = {2E0188D0-F203-4945-8396-38EA91EF2ED1}
	EndGlobalSection
EndGlobal
